PODS:
  - Flutter (1.0.0)
  - flutter_quick_video_encoder (0.0.1):
    - Flutter
  - FMDB (2.7.12):
    - FMDB/standard (= 2.7.12)
  - FMDB/Core (2.7.12)
  - FMDB/standard (2.7.12):
    - FMDB/Core

DEPENDENCIES:
  - Flutter (from `Flutter`)
  - flutter_quick_video_encoder (from `.symlinks/plugins/flutter_quick_video_encoder/ios`)
  - FMDB

SPEC REPOS:
  https://github.com/CocoaPods/Specs.git:
    - FMDB

EXTERNAL SOURCES:
  Flutter:
    :path: Flutter
  flutter_quick_video_encoder:
    :path: ".symlinks/plugins/flutter_quick_video_encoder/ios"

SPEC CHECKSUMS:
  Flutter: cabc95a1d2626b1b06e7179b784ebcf0c0cde467
  flutter_quick_video_encoder: c012b1523f40093feeffa90cebfe71b32b7b6d25
  FMDB: 728731dd336af3936ce00f91d9d8495f5718a0e6

PODFILE CHECKSUM: 75984468aebe71a000be3974dccc6e9390ccc9e1

COCOAPODS: 1.16.2
